
Microsoft Visual Studio Solution File, Format Version 12.00
# Visual Studio Version 17
VisualStudioVersion = 17.5.33025.470
MinimumVisualStudioVersion = 10.0.40219.1
Project("{9A19103F-16F7-4668-BE54-9A1E7A4F7556}") = "Roslyn.Reflection", "Roslyn.Reflection\Roslyn.Reflection.csproj", "{FFB65000-95CF-4F3B-BF5D-71EBFB2D12C1}"
EndProject
Project("{FAE04EC0-301F-11D3-BF4B-00C04F79EFBC}") = "Sample", "Sample\Sample.csproj", "{EB61AF3B-FECD-491B-B97B-E954003902F4}"
EndProject
Global
	GlobalSection(SolutionConfigurationPlatforms) = preSolution
		Debug|Any CPU = Debug|Any CPU
		Release|Any CPU = Release|Any CPU
	EndGlobalSection
	GlobalSection(ProjectConfigurationPlatforms) = postSolution
		{FFB65000-95CF-4F3B-BF5D-71EBFB2D12C1}.Debug|Any CPU.ActiveCfg = Debug|Any CPU
		{FFB65000-95CF-4F3B-BF5D-71EBFB2D12C1}.Debug|Any CPU.Build.0 = Debug|Any CPU
		{FFB65000-95CF-4F3B-BF5D-71EBFB2D12C1}.Release|Any CPU.ActiveCfg = Release|Any CPU
		{FFB65000-95CF-4F3B-BF5D-71EBFB2D12C1}.Release|Any CPU.Build.0 = Release|Any CPU
		{EB61AF3B-FECD-491B-B97B-E954003902F4}.Debug|Any CPU.ActiveCfg = Debug|Any CPU
		{EB61AF3B-FECD-491B-B97B-E954003902F4}.Debug|Any CPU.Build.0 = Debug|Any CPU
		{EB61AF3B-FECD-491B-B97B-E954003902F4}.Release|Any CPU.ActiveCfg = Release|Any CPU
		{EB61AF3B-FECD-491B-B97B-E954003902F4}.Release|Any CPU.Build.0 = Release|Any CPU
	EndGlobalSection
	GlobalSection(SolutionProperties) = preSolution
		HideSolutionNode = FALSE
	EndGlobalSection
	GlobalSection(ExtensibilityGlobals) = postSolution
		SolutionGuid = {0CAD7B17-9C9F-482F-9BB5-55A8AB286834}
	EndGlobalSection
EndGlobal
